
Microsoft Visual Studio Solution File, Format Version 12.00
# Visual Studio Version 17
VisualStudioVersion = 17.3.32929.385
MinimumVisualStudioVersion = 10.0.40219.1
Project("{FAE04EC0-301F-11D3-BF4B-00C04F79EFBC}") = "storageFirebase", "storageFirebase\storageFirebase.csproj", "{FEF8CACD-FDC0-4B25-AA58-93D585D026C0}"
EndProject
Global
	GlobalSection(SolutionConfigurationPlatforms) = preSolution
		Debug|Any CPU = Debug|Any CPU
		Release|Any CPU = Release|Any CPU
	EndGlobalSection
	GlobalSection(ProjectConfigurationPlatforms) = postSolution
		{FEF8CACD-FDC0-4B25-AA58-93D585D026C0}.Debug|Any CPU.ActiveCfg = Debug|Any CPU
		{FEF8CACD-FDC0-4B25-AA58-93D585D026C0}.Debug|Any CPU.Build.0 = Debug|Any CPU
		{FEF8CACD-FDC0-4B25-AA58-93D585D026C0}.Release|Any CPU.ActiveCfg = Release|Any CPU
		{FEF8CACD-FDC0-4B25-AA58-93D585D026C0}.Release|Any CPU.Build.0 = Release|Any CPU
	EndGlobalSection
	GlobalSection(SolutionProperties) = preSolution
		HideSolutionNode = FALSE
	EndGlobalSection
	GlobalSection(ExtensibilityGlobals) = postSolution
		SolutionGuid = {AE1B0E60-66B7-421F-AD12-6843B88C513D}
	EndGlobalSection
EndGlobal
